
Microsoft Visual Studio Solution File, Format Version 12.00
# Visual Studio Version 16
VisualStudioVersion = 16.0.30413.136
MinimumVisualStudioVersion = 10.0.40219.1
Project("{FAE04EC0-301F-11D3-BF4B-00C04F79EFBC}") = "proyecto_IDE", "proyecto_IDE.csproj", "{6CEB0EC1-AB05-48BB-8AD1-35C127ED8585}"
EndProject
Global
	GlobalSection(SolutionConfigurationPlatforms) = preSolution
		Debug|Any CPU = Debug|Any CPU
		Release|Any CPU = Release|Any CPU
	EndGlobalSection
	GlobalSection(ProjectConfigurationPlatforms) = postSolution
		{6CEB0EC1-AB05-48BB-8AD1-35C127ED8585}.Debug|Any CPU.ActiveCfg = Debug|Any CPU
		{6CEB0EC1-AB05-48BB-8AD1-35C127ED8585}.Debug|Any CPU.Build.0 = Debug|Any CPU
		{6CEB0EC1-AB05-48BB-8AD1-35C127ED8585}.Release|Any CPU.ActiveCfg = Release|Any CPU
		{6CEB0EC1-AB05-48BB-8AD1-35C127ED8585}.Release|Any CPU.Build.0 = Release|Any CPU
	EndGlobalSection
	GlobalSection(SolutionProperties) = preSolution
		HideSolutionNode = FALSE
	EndGlobalSection
	GlobalSection(ExtensibilityGlobals) = postSolution
		SolutionGuid = {0E78C098-CF64-47C5-AF62-385FD3F710BE}
	EndGlobalSection
EndGlobal
